
Microsoft Visual Studio Solution File, Format Version 12.00
# Visual Studio Version 17
VisualStudioVersion = 17.4.33205.214
MinimumVisualStudioVersion = 10.0.40219.1
Project("{9A19103F-16F7-4668-BE54-9A1E7A4F7556}") = "FC.BaseApi", "FC.BaseApi\FC.BaseApi.csproj", "{3E6601A2-3303-4898-93F0-8CF764EAB5B6}"
EndProject
Project("{9A19103F-16F7-4668-BE54-9A1E7A4F7556}") = "FC.Core", "FC.Core\FC.Core.csproj", "{5C559F28-5A5D-4DBD-AC60-4E46FEAE9EEF}"
EndProject
Project("{FAE04EC0-301F-11D3-BF4B-00C04F79EFBC}") = "FC.FileBusiness", "FC.FileBusiness\FC.FileBusiness.csproj", "{00D1B705-4F54-4C8D-AC4E-917DC4410733}"
EndProject
Project("{FAE04EC0-301F-11D3-BF4B-00C04F79EFBC}") = "FC.Utils", "FC.Configuration\FC.Utils.csproj", "{C2A72223-0C5C-4FF2-B197-52D477B50469}"
EndProject
Global
	GlobalSection(SolutionConfigurationPlatforms) = preSolution
		Debug|Any CPU = Debug|Any CPU
		Release|Any CPU = Release|Any CPU
	EndGlobalSection
	GlobalSection(ProjectConfigurationPlatforms) = postSolution
		{3E6601A2-3303-4898-93F0-8CF764EAB5B6}.Debug|Any CPU.ActiveCfg = Debug|Any CPU
		{3E6601A2-3303-4898-93F0-8CF764EAB5B6}.Debug|Any CPU.Build.0 = Debug|Any CPU
		{3E6601A2-3303-4898-93F0-8CF764EAB5B6}.Release|Any CPU.ActiveCfg = Release|Any CPU
		{3E6601A2-3303-4898-93F0-8CF764EAB5B6}.Release|Any CPU.Build.0 = Release|Any CPU
		{5C559F28-5A5D-4DBD-AC60-4E46FEAE9EEF}.Debug|Any CPU.ActiveCfg = Debug|Any CPU
		{5C559F28-5A5D-4DBD-AC60-4E46FEAE9EEF}.Debug|Any CPU.Build.0 = Debug|Any CPU
		{5C559F28-5A5D-4DBD-AC60-4E46FEAE9EEF}.Release|Any CPU.ActiveCfg = Release|Any CPU
		{5C559F28-5A5D-4DBD-AC60-4E46FEAE9EEF}.Release|Any CPU.Build.0 = Release|Any CPU
		{00D1B705-4F54-4C8D-AC4E-917DC4410733}.Debug|Any CPU.ActiveCfg = Debug|Any CPU
		{00D1B705-4F54-4C8D-AC4E-917DC4410733}.Debug|Any CPU.Build.0 = Debug|Any CPU
		{00D1B705-4F54-4C8D-AC4E-917DC4410733}.Release|Any CPU.ActiveCfg = Release|Any CPU
		{00D1B705-4F54-4C8D-AC4E-917DC4410733}.Release|Any CPU.Build.0 = Release|Any CPU
		{C2A72223-0C5C-4FF2-B197-52D477B50469}.Debug|Any CPU.ActiveCfg = Debug|Any CPU
		{C2A72223-0C5C-4FF2-B197-52D477B50469}.Debug|Any CPU.Build.0 = Debug|Any CPU
		{C2A72223-0C5C-4FF2-B197-52D477B50469}.Release|Any CPU.ActiveCfg = Release|Any CPU
		{C2A72223-0C5C-4FF2-B197-52D477B50469}.Release|Any CPU.Build.0 = Release|Any CPU
	EndGlobalSection
	GlobalSection(SolutionProperties) = preSolution
		HideSolutionNode = FALSE
	EndGlobalSection
	GlobalSection(ExtensibilityGlobals) = postSolution
		SolutionGuid = {ABA563B9-B191-4889-9E3B-2E641B3F3FEB}
	EndGlobalSection
EndGlobal
