
Microsoft Visual Studio Solution File, Format Version 12.00
# Visual Studio 15
VisualStudioVersion = 15.0.28010.2036
MinimumVisualStudioVersion = 10.0.40219.1
Project("{FAE04EC0-301F-11D3-BF4B-00C04F79EFBC}") = "Computing", "Computing\Computing.csproj", "{497DD244-5B27-4FA1-8BBC-A03794F2B627}"
EndProject
Project("{FAE04EC0-301F-11D3-BF4B-00C04F79EFBC}") = "DAL", "DAL\DAL.csproj", "{EA3EB2A6-70E6-43AF-BC08-42CC52374823}"
EndProject
Project("{FAE04EC0-301F-11D3-BF4B-00C04F79EFBC}") = "Common", "Common\Common.csproj", "{16D1020B-91CA-48B1-BFAB-A7F24EE2D10F}"
EndProject
Project("{FAE04EC0-301F-11D3-BF4B-00C04F79EFBC}") = "Model", "Model\Model.csproj", "{B5C4CD3C-A0D9-42A8-9860-348A7D2E2CC1}"
EndProject
Project("{FAE04EC0-301F-11D3-BF4B-00C04F79EFBC}") = "ArcGIsLib", "ArcGIsLib\ArcGIsLib.csproj", "{0A81C703-E7F4-4AF6-A056-2F0AAA3D77CF}"
EndProject
Global
	GlobalSection(SolutionConfigurationPlatforms) = preSolution
		Debug|Any CPU = Debug|Any CPU
		Debug|ARM = Debug|ARM
		Debug|x64 = Debug|x64
		Debug|x86 = Debug|x86
		Release|Any CPU = Release|Any CPU
		Release|ARM = Release|ARM
		Release|x64 = Release|x64
		Release|x86 = Release|x86
	EndGlobalSection
	GlobalSection(ProjectConfigurationPlatforms) = postSolution
		{497DD244-5B27-4FA1-8BBC-A03794F2B627}.Debug|Any CPU.ActiveCfg = Debug|Any CPU
		{497DD244-5B27-4FA1-8BBC-A03794F2B627}.Debug|Any CPU.Build.0 = Debug|Any CPU
		{497DD244-5B27-4FA1-8BBC-A03794F2B627}.Debug|ARM.ActiveCfg = Debug|Any CPU
		{497DD244-5B27-4FA1-8BBC-A03794F2B627}.Debug|ARM.Build.0 = Debug|Any CPU
		{497DD244-5B27-4FA1-8BBC-A03794F2B627}.Debug|x64.ActiveCfg = Debug|Any CPU
		{497DD244-5B27-4FA1-8BBC-A03794F2B627}.Debug|x64.Build.0 = Debug|Any CPU
		{497DD244-5B27-4FA1-8BBC-A03794F2B627}.Debug|x86.ActiveCfg = Debug|Any CPU
		{497DD244-5B27-4FA1-8BBC-A03794F2B627}.Debug|x86.Build.0 = Debug|Any CPU
		{497DD244-5B27-4FA1-8BBC-A03794F2B627}.Release|Any CPU.ActiveCfg = Release|Any CPU
		{497DD244-5B27-4FA1-8BBC-A03794F2B627}.Release|Any CPU.Build.0 = Release|Any CPU
		{497DD244-5B27-4FA1-8BBC-A03794F2B627}.Release|ARM.ActiveCfg = Release|Any CPU
		{497DD244-5B27-4FA1-8BBC-A03794F2B627}.Release|ARM.Build.0 = Release|Any CPU
		{497DD244-5B27-4FA1-8BBC-A03794F2B627}.Release|x64.ActiveCfg = Release|Any CPU
		{497DD244-5B27-4FA1-8BBC-A03794F2B627}.Release|x64.Build.0 = Release|Any CPU
		{497DD244-5B27-4FA1-8BBC-A03794F2B627}.Release|x86.ActiveCfg = Release|Any CPU
		{497DD244-5B27-4FA1-8BBC-A03794F2B627}.Release|x86.Build.0 = Release|Any CPU
		{EA3EB2A6-70E6-43AF-BC08-42CC52374823}.Debug|Any CPU.ActiveCfg = Debug|Any CPU
		{EA3EB2A6-70E6-43AF-BC08-42CC52374823}.Debug|Any CPU.Build.0 = Debug|Any CPU
		{EA3EB2A6-70E6-43AF-BC08-42CC52374823}.Debug|ARM.ActiveCfg = Debug|Any CPU
		{EA3EB2A6-70E6-43AF-BC08-42CC52374823}.Debug|ARM.Build.0 = Debug|Any CPU
		{EA3EB2A6-70E6-43AF-BC08-42CC52374823}.Debug|x64.ActiveCfg = Debug|Any CPU
		{EA3EB2A6-70E6-43AF-BC08-42CC52374823}.Debug|x64.Build.0 = Debug|Any CPU
		{EA3EB2A6-70E6-43AF-BC08-42CC52374823}.Debug|x86.ActiveCfg = Debug|Any CPU
		{EA3EB2A6-70E6-43AF-BC08-42CC52374823}.Debug|x86.Build.0 = Debug|Any CPU
		{EA3EB2A6-70E6-43AF-BC08-42CC52374823}.Release|Any CPU.ActiveCfg = Release|Any CPU
		{EA3EB2A6-70E6-43AF-BC08-42CC52374823}.Release|Any CPU.Build.0 = Release|Any CPU
		{EA3EB2A6-70E6-43AF-BC08-42CC52374823}.Release|ARM.ActiveCfg = Release|Any CPU
		{EA3EB2A6-70E6-43AF-BC08-42CC52374823}.Release|ARM.Build.0 = Release|Any CPU
		{EA3EB2A6-70E6-43AF-BC08-42CC52374823}.Release|x64.ActiveCfg = Release|Any CPU
		{EA3EB2A6-70E6-43AF-BC08-42CC52374823}.Release|x64.Build.0 = Release|Any CPU
		{EA3EB2A6-70E6-43AF-BC08-42CC52374823}.Release|x86.ActiveCfg = Release|Any CPU
		{EA3EB2A6-70E6-43AF-BC08-42CC52374823}.Release|x86.Build.0 = Release|Any CPU
		{16D1020B-91CA-48B1-BFAB-A7F24EE2D10F}.Debug|Any CPU.ActiveCfg = Debug|Any CPU
		{16D1020B-91CA-48B1-BFAB-A7F24EE2D10F}.Debug|Any CPU.Build.0 = Debug|Any CPU
		{16D1020B-91CA-48B1-BFAB-A7F24EE2D10F}.Debug|ARM.ActiveCfg = Debug|Any CPU
		{16D1020B-91CA-48B1-BFAB-A7F24EE2D10F}.Debug|ARM.Build.0 = Debug|Any CPU
		{16D1020B-91CA-48B1-BFAB-A7F24EE2D10F}.Debug|x64.ActiveCfg = Debug|Any CPU
		{16D1020B-91CA-48B1-BFAB-A7F24EE2D10F}.Debug|x64.Build.0 = Debug|Any CPU
		{16D1020B-91CA-48B1-BFAB-A7F24EE2D10F}.Debug|x86.ActiveCfg = Debug|Any CPU
		{16D1020B-91CA-48B1-BFAB-A7F24EE2D10F}.Debug|x86.Build.0 = Debug|Any CPU
		{16D1020B-91CA-48B1-BFAB-A7F24EE2D10F}.Release|Any CPU.ActiveCfg = Release|Any CPU
		{16D1020B-91CA-48B1-BFAB-A7F24EE2D10F}.Release|Any CPU.Build.0 = Release|Any CPU
		{16D1020B-91CA-48B1-BFAB-A7F24EE2D10F}.Release|ARM.ActiveCfg = Release|Any CPU
		{16D1020B-91CA-48B1-BFAB-A7F24EE2D10F}.Release|ARM.Build.0 = Release|Any CPU
		{16D1020B-91CA-48B1-BFAB-A7F24EE2D10F}.Release|x64.ActiveCfg = Release|Any CPU
		{16D1020B-91CA-48B1-BFAB-A7F24EE2D10F}.Release|x64.Build.0 = Release|Any CPU
		{16D1020B-91CA-48B1-BFAB-A7F24EE2D10F}.Release|x86.ActiveCfg = Release|Any CPU
		{16D1020B-91CA-48B1-BFAB-A7F24EE2D10F}.Release|x86.Build.0 = Release|Any CPU
		{B5C4CD3C-A0D9-42A8-9860-348A7D2E2CC1}.Debug|Any CPU.ActiveCfg = Debug|Any CPU
		{B5C4CD3C-A0D9-42A8-9860-348A7D2E2CC1}.Debug|Any CPU.Build.0 = Debug|Any CPU
		{B5C4CD3C-A0D9-42A8-9860-348A7D2E2CC1}.Debug|ARM.ActiveCfg = Debug|Any CPU
		{B5C4CD3C-A0D9-42A8-9860-348A7D2E2CC1}.Debug|ARM.Build.0 = Debug|Any CPU
		{B5C4CD3C-A0D9-42A8-9860-348A7D2E2CC1}.Debug|x64.ActiveCfg = Debug|Any CPU
		{B5C4CD3C-A0D9-42A8-9860-348A7D2E2CC1}.Debug|x64.Build.0 = Debug|Any CPU
		{B5C4CD3C-A0D9-42A8-9860-348A7D2E2CC1}.Debug|x86.ActiveCfg = Debug|Any CPU
		{B5C4CD3C-A0D9-42A8-9860-348A7D2E2CC1}.Debug|x86.Build.0 = Debug|Any CPU
		{B5C4CD3C-A0D9-42A8-9860-348A7D2E2CC1}.Release|Any CPU.ActiveCfg = Release|Any CPU
		{B5C4CD3C-A0D9-42A8-9860-348A7D2E2CC1}.Release|Any CPU.Build.0 = Release|Any CPU
		{B5C4CD3C-A0D9-42A8-9860-348A7D2E2CC1}.Release|ARM.ActiveCfg = Release|Any CPU
		{B5C4CD3C-A0D9-42A8-9860-348A7D2E2CC1}.Release|ARM.Build.0 = Release|Any CPU
		{B5C4CD3C-A0D9-42A8-9860-348A7D2E2CC1}.Release|x64.ActiveCfg = Release|Any CPU
		{B5C4CD3C-A0D9-42A8-9860-348A7D2E2CC1}.Release|x64.Build.0 = Release|Any CPU
		{B5C4CD3C-A0D9-42A8-9860-348A7D2E2CC1}.Release|x86.ActiveCfg = Release|Any CPU
		{B5C4CD3C-A0D9-42A8-9860-348A7D2E2CC1}.Release|x86.Build.0 = Release|Any CPU
		{0A81C703-E7F4-4AF6-A056-2F0AAA3D77CF}.Debug|Any CPU.ActiveCfg = Debug|Any CPU
		{0A81C703-E7F4-4AF6-A056-2F0AAA3D77CF}.Debug|Any CPU.Build.0 = Debug|Any CPU
		{0A81C703-E7F4-4AF6-A056-2F0AAA3D77CF}.Debug|ARM.ActiveCfg = Debug|Any CPU
		{0A81C703-E7F4-4AF6-A056-2F0AAA3D77CF}.Debug|ARM.Build.0 = Debug|Any CPU
		{0A81C703-E7F4-4AF6-A056-2F0AAA3D77CF}.Debug|x64.ActiveCfg = Debug|Any CPU
		{0A81C703-E7F4-4AF6-A056-2F0AAA3D77CF}.Debug|x64.Build.0 = Debug|Any CPU
		{0A81C703-E7F4-4AF6-A056-2F0AAA3D77CF}.Debug|x86.ActiveCfg = Debug|Any CPU
		{0A81C703-E7F4-4AF6-A056-2F0AAA3D77CF}.Debug|x86.Build.0 = Debug|Any CPU
		{0A81C703-E7F4-4AF6-A056-2F0AAA3D77CF}.Release|Any CPU.ActiveCfg = Release|Any CPU
		{0A81C703-E7F4-4AF6-A056-2F0AAA3D77CF}.Release|Any CPU.Build.0 = Release|Any CPU
		{0A81C703-E7F4-4AF6-A056-2F0AAA3D77CF}.Release|ARM.ActiveCfg = Release|Any CPU
		{0A81C703-E7F4-4AF6-A056-2F0AAA3D77CF}.Release|ARM.Build.0 = Release|Any CPU
		{0A81C703-E7F4-4AF6-A056-2F0AAA3D77CF}.Release|x64.ActiveCfg = Release|Any CPU
		{0A81C703-E7F4-4AF6-A056-2F0AAA3D77CF}.Release|x64.Build.0 = Release|Any CPU
		{0A81C703-E7F4-4AF6-A056-2F0AAA3D77CF}.Release|x86.ActiveCfg = Release|Any CPU
		{0A81C703-E7F4-4AF6-A056-2F0AAA3D77CF}.Release|x86.Build.0 = Release|Any CPU
	EndGlobalSection
	GlobalSection(SolutionProperties) = preSolution
		HideSolutionNode = FALSE
	EndGlobalSection
	GlobalSection(ExtensibilityGlobals) = postSolution
		SolutionGuid = {D1539CC5-7E2B-4395-9951-9F8669604C81}
	EndGlobalSection
EndGlobal
