
Microsoft Visual Studio Solution File, Format Version 12.00
# Visual Studio Version 16
VisualStudioVersion = 16.0.28803.452
MinimumVisualStudioVersion = 10.0.40219.1
Project("{FAE04EC0-301F-11D3-BF4B-00C04F79EFBC}") = "FD.MvcService", "FD.MvcService\FD.MvcService.csproj", "{CF16176C-7B6E-4BB7-8869-1D39B1AF1B2B}"
EndProject
Project("{FAE04EC0-301F-11D3-BF4B-00C04F79EFBC}") = "FD.DataBase", "..\PublicProject\FD.DataBase\FD.DataBase.csproj", "{07ACD9A8-A24A-49BF-8CBF-D74F5D4FBC90}"
EndProject
Project("{FAE04EC0-301F-11D3-BF4B-00C04F79EFBC}") = "FD.ExceptionManager", "..\PublicProject\FD.ExceptionManager\FD.ExceptionManager.csproj", "{A6CBC839-74C2-4C52-AB87-A856ADAFF886}"
EndProject
Project("{FAE04EC0-301F-11D3-BF4B-00C04F79EFBC}") = "FD.Commons", "..\PublicProject\FD.Commons\FD.Commons.csproj", "{2CA8415E-7C00-4436-BFBA-7A23E9AA6930}"
EndProject
Project("{FAE04EC0-301F-11D3-BF4B-00C04F79EFBC}") = "FD.DataModels", "..\PublicProject\FD.DataModels\FD.DataModels.csproj", "{03D359D6-218C-48F5-9D90-EB7CFCB53D00}"
EndProject
Global
	GlobalSection(SolutionConfigurationPlatforms) = preSolution
		Debug|Any CPU = Debug|Any CPU
		Release|Any CPU = Release|Any CPU
	EndGlobalSection
	GlobalSection(ProjectConfigurationPlatforms) = postSolution
		{CF16176C-7B6E-4BB7-8869-1D39B1AF1B2B}.Debug|Any CPU.ActiveCfg = Debug|Any CPU
		{CF16176C-7B6E-4BB7-8869-1D39B1AF1B2B}.Debug|Any CPU.Build.0 = Debug|Any CPU
		{CF16176C-7B6E-4BB7-8869-1D39B1AF1B2B}.Release|Any CPU.ActiveCfg = Release|Any CPU
		{CF16176C-7B6E-4BB7-8869-1D39B1AF1B2B}.Release|Any CPU.Build.0 = Release|Any CPU
		{07ACD9A8-A24A-49BF-8CBF-D74F5D4FBC90}.Debug|Any CPU.ActiveCfg = Debug|Any CPU
		{07ACD9A8-A24A-49BF-8CBF-D74F5D4FBC90}.Debug|Any CPU.Build.0 = Debug|Any CPU
		{07ACD9A8-A24A-49BF-8CBF-D74F5D4FBC90}.Release|Any CPU.ActiveCfg = Release|Any CPU
		{07ACD9A8-A24A-49BF-8CBF-D74F5D4FBC90}.Release|Any CPU.Build.0 = Release|Any CPU
		{A6CBC839-74C2-4C52-AB87-A856ADAFF886}.Debug|Any CPU.ActiveCfg = Debug|Any CPU
		{A6CBC839-74C2-4C52-AB87-A856ADAFF886}.Debug|Any CPU.Build.0 = Debug|Any CPU
		{A6CBC839-74C2-4C52-AB87-A856ADAFF886}.Release|Any CPU.ActiveCfg = Release|Any CPU
		{A6CBC839-74C2-4C52-AB87-A856ADAFF886}.Release|Any CPU.Build.0 = Release|Any CPU
		{2CA8415E-7C00-4436-BFBA-7A23E9AA6930}.Debug|Any CPU.ActiveCfg = Debug|Any CPU
		{2CA8415E-7C00-4436-BFBA-7A23E9AA6930}.Debug|Any CPU.Build.0 = Debug|Any CPU
		{2CA8415E-7C00-4436-BFBA-7A23E9AA6930}.Release|Any CPU.ActiveCfg = Release|Any CPU
		{2CA8415E-7C00-4436-BFBA-7A23E9AA6930}.Release|Any CPU.Build.0 = Release|Any CPU
		{03D359D6-218C-48F5-9D90-EB7CFCB53D00}.Debug|Any CPU.ActiveCfg = Debug|Any CPU
		{03D359D6-218C-48F5-9D90-EB7CFCB53D00}.Debug|Any CPU.Build.0 = Debug|Any CPU
		{03D359D6-218C-48F5-9D90-EB7CFCB53D00}.Release|Any CPU.ActiveCfg = Release|Any CPU
		{03D359D6-218C-48F5-9D90-EB7CFCB53D00}.Release|Any CPU.Build.0 = Release|Any CPU
	EndGlobalSection
	GlobalSection(SolutionProperties) = preSolution
		HideSolutionNode = FALSE
	EndGlobalSection
	GlobalSection(ExtensibilityGlobals) = postSolution
		SolutionGuid = {47F78F00-7075-403A-A781-328E51931833}
	EndGlobalSection
EndGlobal
