
Microsoft Visual Studio Solution File, Format Version 12.00
# Visual Studio Version 17
VisualStudioVersion = 17.4.33205.214
MinimumVisualStudioVersion = 10.0.40219.1
Project("{FAE04EC0-301F-11D3-BF4B-00C04F79EFBC}") = "TestApi", "TestApi\TestApi.csproj", "{CCB5783B-259A-4772-BFFE-D3AC87926ABB}"
EndProject
Global
	GlobalSection(SolutionConfigurationPlatforms) = preSolution
		Debug|Any CPU = Debug|Any CPU
		Release|Any CPU = Release|Any CPU
	EndGlobalSection
	GlobalSection(ProjectConfigurationPlatforms) = postSolution
		{CCB5783B-259A-4772-BFFE-D3AC87926ABB}.Debug|Any CPU.ActiveCfg = Debug|Any CPU
		{CCB5783B-259A-4772-BFFE-D3AC87926ABB}.Debug|Any CPU.Build.0 = Debug|Any CPU
		{CCB5783B-259A-4772-BFFE-D3AC87926ABB}.Release|Any CPU.ActiveCfg = Release|Any CPU
		{CCB5783B-259A-4772-BFFE-D3AC87926ABB}.Release|Any CPU.Build.0 = Release|Any CPU
	EndGlobalSection
	GlobalSection(SolutionProperties) = preSolution
		HideSolutionNode = FALSE
	EndGlobalSection
	GlobalSection(ExtensibilityGlobals) = postSolution
		SolutionGuid = {EC075BA3-AB2A-470B-A1B8-D9F3E849976F}
	EndGlobalSection
EndGlobal
